
Microsoft Visual Studio Solution File, Format Version 12.00
# Visual Studio Version 17
VisualStudioVersion = 17.7.34031.279
MinimumVisualStudioVersion = 10.0.40219.1
Project("{FAE04EC0-301F-11D3-BF4B-00C04F79EFBC}") = "BinarySearchTree", "BinarySearchTree\BinarySearchTree.csproj", "{2004A63D-9611-4EF6-B24B-F917D4A915EC}"
EndProject
Global
	GlobalSection(SolutionConfigurationPlatforms) = preSolution
		Debug|Any CPU = Debug|Any CPU
		Release|Any CPU = Release|Any CPU
	EndGlobalSection
	GlobalSection(ProjectConfigurationPlatforms) = postSolution
		{2004A63D-9611-4EF6-B24B-F917D4A915EC}.Debug|Any CPU.ActiveCfg = Debug|Any CPU
		{2004A63D-9611-4EF6-B24B-F917D4A915EC}.Debug|Any CPU.Build.0 = Debug|Any CPU
		{2004A63D-9611-4EF6-B24B-F917D4A915EC}.Release|Any CPU.ActiveCfg = Release|Any CPU
		{2004A63D-9611-4EF6-B24B-F917D4A915EC}.Release|Any CPU.Build.0 = Release|Any CPU
	EndGlobalSection
	GlobalSection(SolutionProperties) = preSolution
		HideSolutionNode = FALSE
	EndGlobalSection
	GlobalSection(ExtensibilityGlobals) = postSolution
		SolutionGuid = {9B99CE95-7953-47F2-866F-9E33C1B79BA3}
	EndGlobalSection
EndGlobal
